
Microsoft Visual Studio Solution File, Format Version 12.00
# Visual Studio Version 17
VisualStudioVersion = 17.9.34622.214
MinimumVisualStudioVersion = 10.0.40219.1
Project("{2150E333-8FDC-42A3-9474-1A3956D46DE8}") = "src", "src", "{28A64289-C0B7-42E5-AF90-BEC72D79587A}"
EndProject
Project("{FAE04EC0-301F-11D3-BF4B-00C04F79EFBC}") = "Mamba.Core", "Mamba.Core\Mamba.Core.csproj", "{9A753D9B-EA45-4EE0-AA04-1A8B4E331510}"
EndProject
Project("{FAE04EC0-301F-11D3-BF4B-00C04F79EFBC}") = "Mamba.Business", "Mamba.Business\Mamba.Business.csproj", "{E28CC6FF-C061-47DA-8F46-6F38883B488D}"
EndProject
Project("{FAE04EC0-301F-11D3-BF4B-00C04F79EFBC}") = "Mamba.Data", "Mamba.Data\Mamba.Data.csproj", "{5AEC88B1-B0D2-4F90-A148-7599D3CBDD6D}"
EndProject
Project("{FAE04EC0-301F-11D3-BF4B-00C04F79EFBC}") = "Mamba.UI", "Mamba.UI\Mamba.UI.csproj", "{A08409DF-C639-4344-9E27-FF7DEB80C2F8}"
EndProject
Global
	GlobalSection(SolutionConfigurationPlatforms) = preSolution
		Debug|Any CPU = Debug|Any CPU
		Release|Any CPU = Release|Any CPU
	EndGlobalSection
	GlobalSection(ProjectConfigurationPlatforms) = postSolution
		{9A753D9B-EA45-4EE0-AA04-1A8B4E331510}.Debug|Any CPU.ActiveCfg = Debug|Any CPU
		{9A753D9B-EA45-4EE0-AA04-1A8B4E331510}.Debug|Any CPU.Build.0 = Debug|Any CPU
		{9A753D9B-EA45-4EE0-AA04-1A8B4E331510}.Release|Any CPU.ActiveCfg = Release|Any CPU
		{9A753D9B-EA45-4EE0-AA04-1A8B4E331510}.Release|Any CPU.Build.0 = Release|Any CPU
		{E28CC6FF-C061-47DA-8F46-6F38883B488D}.Debug|Any CPU.ActiveCfg = Debug|Any CPU
		{E28CC6FF-C061-47DA-8F46-6F38883B488D}.Debug|Any CPU.Build.0 = Debug|Any CPU
		{E28CC6FF-C061-47DA-8F46-6F38883B488D}.Release|Any CPU.ActiveCfg = Release|Any CPU
		{E28CC6FF-C061-47DA-8F46-6F38883B488D}.Release|Any CPU.Build.0 = Release|Any CPU
		{5AEC88B1-B0D2-4F90-A148-7599D3CBDD6D}.Debug|Any CPU.ActiveCfg = Debug|Any CPU
		{5AEC88B1-B0D2-4F90-A148-7599D3CBDD6D}.Debug|Any CPU.Build.0 = Debug|Any CPU
		{5AEC88B1-B0D2-4F90-A148-7599D3CBDD6D}.Release|Any CPU.ActiveCfg = Release|Any CPU
		{5AEC88B1-B0D2-4F90-A148-7599D3CBDD6D}.Release|Any CPU.Build.0 = Release|Any CPU
		{A08409DF-C639-4344-9E27-FF7DEB80C2F8}.Debug|Any CPU.ActiveCfg = Debug|Any CPU
		{A08409DF-C639-4344-9E27-FF7DEB80C2F8}.Debug|Any CPU.Build.0 = Debug|Any CPU
		{A08409DF-C639-4344-9E27-FF7DEB80C2F8}.Release|Any CPU.ActiveCfg = Release|Any CPU
		{A08409DF-C639-4344-9E27-FF7DEB80C2F8}.Release|Any CPU.Build.0 = Release|Any CPU
	EndGlobalSection
	GlobalSection(SolutionProperties) = preSolution
		HideSolutionNode = FALSE
	EndGlobalSection
	GlobalSection(NestedProjects) = preSolution
		{9A753D9B-EA45-4EE0-AA04-1A8B4E331510} = {28A64289-C0B7-42E5-AF90-BEC72D79587A}
		{E28CC6FF-C061-47DA-8F46-6F38883B488D} = {28A64289-C0B7-42E5-AF90-BEC72D79587A}
		{5AEC88B1-B0D2-4F90-A148-7599D3CBDD6D} = {28A64289-C0B7-42E5-AF90-BEC72D79587A}
		{A08409DF-C639-4344-9E27-FF7DEB80C2F8} = {28A64289-C0B7-42E5-AF90-BEC72D79587A}
	EndGlobalSection
	GlobalSection(ExtensibilityGlobals) = postSolution
		SolutionGuid = {D4D6A175-DBFD-4084-8382-F8E85AAB829C}
	EndGlobalSection
EndGlobal
